
Microsoft Visual Studio Solution File, Format Version 12.00
# Visual Studio Version 17
VisualStudioVersion = 17.6.33815.320
MinimumVisualStudioVersion = 10.0.40219.1
Project("{9A19103F-16F7-4668-BE54-9A1E7A4F7556}") = "ShopifySharp", "ShopifySharp\ShopifySharp.csproj", "{833EC12B-956D-427B-A598-2F12B84589EF}"
EndProject
Project("{2150E333-8FDC-42A3-9474-1A3956D46DE8}") = "Solution Items", "Solution Items", "{C2A84FA5-9EA9-48EB-8A1C-EFDAEEC7D3FD}"
	ProjectSection(SolutionItems) = preProject
		scripts\build.ps1 = scripts\build.ps1
		scripts\deploy.ps1 = scripts\deploy.ps1
		LICENSE = LICENSE
		readme.md = readme.md
		scripts\test.ps1 = scripts\test.ps1
	EndProjectSection
EndProject
Global
	GlobalSection(SolutionConfigurationPlatforms) = preSolution
		Debug|Any CPU = Debug|Any CPU
		Release|Any CPU = Release|Any CPU
	EndGlobalSection
	GlobalSection(ProjectConfigurationPlatforms) = postSolution
		{833EC12B-956D-427B-A598-2F12B84589EF}.Debug|Any CPU.ActiveCfg = Debug|Any CPU
		{833EC12B-956D-427B-A598-2F12B84589EF}.Debug|Any CPU.Build.0 = Debug|Any CPU
		{833EC12B-956D-427B-A598-2F12B84589EF}.Release|Any CPU.ActiveCfg = Release|Any CPU
		{833EC12B-956D-427B-A598-2F12B84589EF}.Release|Any CPU.Build.0 = Release|Any CPU
	EndGlobalSection
	GlobalSection(SolutionProperties) = preSolution
		HideSolutionNode = FALSE
	EndGlobalSection
	GlobalSection(ExtensibilityGlobals) = postSolution
		SolutionGuid = {77A035FF-E801-4F3C-BD9D-86BA80B37C99}
	EndGlobalSection
EndGlobal
